
Microsoft Visual Studio Solution File, Format Version 12.00
# Visual Studio 2013
VisualStudioVersion = 12.0.31101.0
MinimumVisualStudioVersion = 10.0.40219.1
Project("{8BC9CEB8-8B4A-11D0-8D11-00A0C91BC942}") = "Stack", "Stack\Stack.vcxproj", "{6B519866-D027-43DE-BEC8-BBB2190A5D5A}"
EndProject
Project("{8BC9CEB8-8B4A-11D0-8D11-00A0C91BC942}") = "Qeue", "Qeue\Qeue.vcxproj", "{9C6A9438-8A12-4866-96A5-26C618C90ACE}"
EndProject
Project("{8BC9CEB8-8B4A-11D0-8D11-00A0C91BC942}") = "Vector", "Vector\Vector.vcxproj", "{12CED580-4386-4372-BEA6-D0108F5143D2}"
EndProject
Global
	GlobalSection(SolutionConfigurationPlatforms) = preSolution
		Debug|Win32 = Debug|Win32
		Release|Win32 = Release|Win32
	EndGlobalSection
	GlobalSection(ProjectConfigurationPlatforms) = postSolution
		{6B519866-D027-43DE-BEC8-BBB2190A5D5A}.Debug|Win32.ActiveCfg = Debug|Win32
		{6B519866-D027-43DE-BEC8-BBB2190A5D5A}.Debug|Win32.Build.0 = Debug|Win32
		{6B519866-D027-43DE-BEC8-BBB2190A5D5A}.Release|Win32.ActiveCfg = Release|Win32
		{6B519866-D027-43DE-BEC8-BBB2190A5D5A}.Release|Win32.Build.0 = Release|Win32
		{9C6A9438-8A12-4866-96A5-26C618C90ACE}.Debug|Win32.ActiveCfg = Debug|Win32
		{9C6A9438-8A12-4866-96A5-26C618C90ACE}.Debug|Win32.Build.0 = Debug|Win32
		{9C6A9438-8A12-4866-96A5-26C618C90ACE}.Release|Win32.ActiveCfg = Release|Win32
		{9C6A9438-8A12-4866-96A5-26C618C90ACE}.Release|Win32.Build.0 = Release|Win32
		{12CED580-4386-4372-BEA6-D0108F5143D2}.Debug|Win32.ActiveCfg = Debug|Win32
		{12CED580-4386-4372-BEA6-D0108F5143D2}.Debug|Win32.Build.0 = Debug|Win32
		{12CED580-4386-4372-BEA6-D0108F5143D2}.Release|Win32.ActiveCfg = Release|Win32
		{12CED580-4386-4372-BEA6-D0108F5143D2}.Release|Win32.Build.0 = Release|Win32
	EndGlobalSection
	GlobalSection(SolutionProperties) = preSolution
		HideSolutionNode = FALSE
	EndGlobalSection
EndGlobal
